# This file is @generated by PDM.
# It is not intended for manual editing.

[[package]]
name = "argcomplete"
version = "2.1.2"
requires_python = ">=3.6"
summary = "Bash tab completion for argparse"
dependencies = [
    "importlib-metadata<6,>=0.23; python_version == \"3.7\"",
]

[[package]]
name = "colorama"
version = "0.4.6"
requires_python = "!=3.0.*,!=3.1.*,!=3.2.*,!=3.3.*,!=3.4.*,!=3.5.*,!=3.6.*,>=2.7"
summary = "Cross-platform colored terminal text."

[[package]]
name = "colorlog"
version = "6.7.0"
requires_python = ">=3.6"
summary = "Add colours to the output of Python's logging module."
dependencies = [
    "colorama; sys_platform == \"win32\"",
]

[[package]]
name = "distlib"
version = "0.3.6"
summary = "Distribution utilities"

[[package]]
name = "filelock"
version = "3.10.7"
requires_python = ">=3.7"
summary = "A platform independent file lock."

[[package]]
name = "importlib-metadata"
version = "5.2.0"
requires_python = ">=3.7"
summary = "Read metadata from Python packages"
dependencies = [
    "typing-extensions>=3.6.4; python_version < \"3.8\"",
    "zipp>=0.5",
]

[[package]]
name = "nox"
version = "2022.11.21"
requires_python = ">=3.7"
summary = "Flexible test automation."
dependencies = [
    "argcomplete<3.0,>=1.9.4",
    "colorlog<7.0.0,>=2.6.1",
    "importlib-metadata; python_version < \"3.8\"",
    "packaging>=20.9",
    "typing-extensions>=3.7.4; python_version < \"3.8\"",
    "virtualenv>=14",
]

[[package]]
name = "packaging"
version = "23.0"
requires_python = ">=3.7"
summary = "Core utilities for Python packages"

[[package]]
name = "platformdirs"
version = "3.2.0"
requires_python = ">=3.7"
summary = "A small Python package for determining appropriate platform-specific dirs, e.g. a \"user data dir\"."
dependencies = [
    "typing-extensions>=4.5; python_version < \"3.8\"",
]

[[package]]
name = "typing-extensions"
version = "4.5.0"
requires_python = ">=3.7"
summary = "Backported and Experimental Type Hints for Python 3.7+"

[[package]]
name = "virtualenv"
version = "20.21.0"
requires_python = ">=3.7"
summary = "Virtual Python Environment builder"
dependencies = [
    "distlib<1,>=0.3.6",
    "filelock<4,>=3.4.1",
    "importlib-metadata>=4.8.3; python_version < \"3.8\"",
    "platformdirs<4,>=2.4",
]

[[package]]
name = "zipp"
version = "3.15.0"
requires_python = ">=3.7"
summary = "Backport of pathlib-compatible object wrapper for zip files"

[metadata]
lock_version = "4.1"
content_hash = "sha256:b87a05ad1ac2f7584d22f95e1e2f73d844d1f9a07b668182e5888041bcb7fc85"

[metadata.files]
"argcomplete 2.1.2" = [
    {url = "https://files.pythonhosted.org/packages/85/b9/e2bef848f79fce1e70d048b4de873424fde918c54ac2e6b8638cca887243/argcomplete-2.1.2.tar.gz", hash = "sha256:fc82ef070c607b1559b5c720529d63b54d9dcf2dcfc2632b10e6372314a34457"},
    {url = "https://files.pythonhosted.org/packages/e5/24/5fcd33a691dbff91250c35dc241469f1f31c8f82b4020b70a548dc124777/argcomplete-2.1.2-py3-none-any.whl", hash = "sha256:4ba9cdaa28c361d251edce884cd50b4b1215d65cdc881bd204426cdde9f52731"},
]
"colorama 0.4.6" = [
    {url = "https://files.pythonhosted.org/packages/d1/d6/3965ed04c63042e047cb6a3e6ed1a63a35087b6a609aa3a15ed8ac56c221/colorama-0.4.6-py2.py3-none-any.whl", hash = "sha256:4f1d9991f5acc0ca119f9d443620b77f9d6b33703e51011c16baf57afb285fc6"},
    {url = "https://files.pythonhosted.org/packages/d8/53/6f443c9a4a8358a93a6792e2acffb9d9d5cb0a5cfd8802644b7b1c9a02e4/colorama-0.4.6.tar.gz", hash = "sha256:08695f5cb7ed6e0531a20572697297273c47b8cae5a63ffc6d6ed5c201be6e44"},
]
"colorlog 6.7.0" = [
    {url = "https://files.pythonhosted.org/packages/58/43/a363c213224448f9e194d626221123ce00e3fb3d87c0c22aed52b620bdd1/colorlog-6.7.0-py2.py3-none-any.whl", hash = "sha256:0d33ca236784a1ba3ff9c532d4964126d8a2c44f1f0cb1d2b0728196f512f662"},
    {url = "https://files.pythonhosted.org/packages/78/6b/4e5481ddcdb9c255b2715f54c863629f1543e97bc8c309d1c5c131ad14f2/colorlog-6.7.0.tar.gz", hash = "sha256:bd94bd21c1e13fac7bd3153f4bc3a7dc0eb0974b8bc2fdf1a989e474f6e582e5"},
]
"distlib 0.3.6" = [
    {url = "https://files.pythonhosted.org/packages/58/07/815476ae605bcc5f95c87a62b95e74a1bce0878bc7a3119bc2bf4178f175/distlib-0.3.6.tar.gz", hash = "sha256:14bad2d9b04d3a36127ac97f30b12a19268f211063d8f8ee4f47108896e11b46"},
    {url = "https://files.pythonhosted.org/packages/76/cb/6bbd2b10170ed991cf64e8c8b85e01f2fb38f95d1bc77617569e0b0b26ac/distlib-0.3.6-py2.py3-none-any.whl", hash = "sha256:f35c4b692542ca110de7ef0bea44d73981caeb34ca0b9b6b2e6d7790dda8f80e"},
]
"filelock 3.10.7" = [
    {url = "https://files.pythonhosted.org/packages/25/89/3c51e2896bf666fdda7e776f3421f1bfec843c34311c0a3486c90452a04d/filelock-3.10.7-py3-none-any.whl", hash = "sha256:bde48477b15fde2c7e5a0713cbe72721cb5a5ad32ee0b8f419907960b9d75536"},
    {url = "https://files.pythonhosted.org/packages/5b/65/5dfde43d5e4d7d31a2392bf4aa20e464b8aa0601f34fd9b050781291f666/filelock-3.10.7.tar.gz", hash = "sha256:892be14aa8efc01673b5ed6589dbccb95f9a8596f0507e232626155495c18105"},
]
"importlib-metadata 5.2.0" = [
    {url = "https://files.pythonhosted.org/packages/35/07/fd0145f9e57356098fe15415dbb9616fd628373ecf88faab9aae0c988d2c/importlib_metadata-5.2.0-py3-none-any.whl", hash = "sha256:0eafa39ba42bf225fc00e67f701d71f85aead9f878569caf13c3724f704b970f"},
    {url = "https://files.pythonhosted.org/packages/a6/1d/7a01bc53a248ddb14eb0dca86f089ddf848d7b9485c31d7f840f27acbcfe/importlib_metadata-5.2.0.tar.gz", hash = "sha256:404d48d62bba0b7a77ff9d405efd91501bef2e67ff4ace0bed40a0cf28c3c7cd"},
]
"nox 2022.11.21" = [
    {url = "https://files.pythonhosted.org/packages/ae/7c/09bde4034d49c194c53cf16c523ce346419a9809bec282599122a1b2f4f4/nox-2022.11.21-py3-none-any.whl", hash = "sha256:0e41a990e290e274cb205a976c4c97ee3c5234441a8132c8c3fd9ea3c22149eb"},
    {url = "https://files.pythonhosted.org/packages/bb/1b/d5c87d105189bf4e3811f135c8a20c74ae9f81a34d33a1d0d1cd81383dd5/nox-2022.11.21.tar.gz", hash = "sha256:e21c31de0711d1274ca585a2c5fde36b1aa962005ba8e9322bf5eeed16dcd684"},
]
"packaging 23.0" = [
    {url = "https://files.pythonhosted.org/packages/47/d5/aca8ff6f49aa5565df1c826e7bf5e85a6df852ee063600c1efa5b932968c/packaging-23.0.tar.gz", hash = "sha256:b6ad297f8907de0fa2fe1ccbd26fdaf387f5f47c7275fedf8cce89f99446cf97"},
    {url = "https://files.pythonhosted.org/packages/ed/35/a31aed2993e398f6b09a790a181a7927eb14610ee8bbf02dc14d31677f1c/packaging-23.0-py3-none-any.whl", hash = "sha256:714ac14496c3e68c99c29b00845f7a2b85f3bb6f1078fd9f72fd20f0570002b2"},
]
"platformdirs 3.2.0" = [
    {url = "https://files.pythonhosted.org/packages/15/04/3f882b46b454ab374ea75425c6f931e499150ec1385a73e55b3f45af615a/platformdirs-3.2.0.tar.gz", hash = "sha256:d5b638ca397f25f979350ff789db335903d7ea010ab28903f57b27e1b16c2b08"},
    {url = "https://files.pythonhosted.org/packages/b2/f3/4fb5fae710fc9f22a42cd90dc0547da18ec83e2e139294ab94f04c449cf5/platformdirs-3.2.0-py3-none-any.whl", hash = "sha256:ebe11c0d7a805086e99506aa331612429a72ca7cd52a1f0d277dc4adc20cb10e"},
]
"typing-extensions 4.5.0" = [
    {url = "https://files.pythonhosted.org/packages/31/25/5abcd82372d3d4a3932e1fa8c3dbf9efac10cc7c0d16e78467460571b404/typing_extensions-4.5.0-py3-none-any.whl", hash = "sha256:fb33085c39dd998ac16d1431ebc293a8b3eedd00fd4a32de0ff79002c19511b4"},
    {url = "https://files.pythonhosted.org/packages/d3/20/06270dac7316220643c32ae61694e451c98f8caf4c8eab3aa80a2bedf0df/typing_extensions-4.5.0.tar.gz", hash = "sha256:5cb5f4a79139d699607b3ef622a1dedafa84e115ab0024e0d9c044a9479ca7cb"},
]
"virtualenv 20.21.0" = [
    {url = "https://files.pythonhosted.org/packages/86/2f/35a79942c38d4ca89b444085d67900f713f1967446fdcefc8351619d7c65/virtualenv-20.21.0-py3-none-any.whl", hash = "sha256:31712f8f2a17bd06234fa97fdf19609e789dd4e3e4bf108c3da71d710651adbc"},
    {url = "https://files.pythonhosted.org/packages/87/14/ca9890d58cd33d9122eb87ffec2f3c6be0714785f992a0fd3b56a3b6c993/virtualenv-20.21.0.tar.gz", hash = "sha256:f50e3e60f990a0757c9b68333c9fdaa72d7188caa417f96af9e52407831a3b68"},
]
"zipp 3.15.0" = [
    {url = "https://files.pythonhosted.org/packages/00/27/f0ac6b846684cecce1ee93d32450c45ab607f65c2e0255f0092032d91f07/zipp-3.15.0.tar.gz", hash = "sha256:112929ad649da941c23de50f356a2b5570c954b65150642bccdd66bf194d224b"},
    {url = "https://files.pythonhosted.org/packages/5b/fa/c9e82bbe1af6266adf08afb563905eb87cab83fde00a0a08963510621047/zipp-3.15.0-py3-none-any.whl", hash = "sha256:48904fc76a60e542af151aded95726c1a5c34ed43ab4134b597665c86d7ad556"},
]
